4d63.com/embedfiles v0.0.0-20190311033909-995e0740726f/go.mod h1:HxEsUxoVZyRxsZML/S6e2xAuieFMlGO0756ncWx1aXE=
4d63.com/tz v1.2.0/go.mod h1:SHGqVdL7hd2ZaX2T9uEiOZ/OFAUfCCLURdLPJsd8ZNs=
github.com/StackExchange/wmi v0.0.0-20190523213315-cbe66965904d h1:G0m3OIz70MZUWq3EgK3CesDbo8upS2Vm9/P3FtgI+Jk=
github.com/StackExchange/wmi v0.0.0-20190523213315-cbe66965904d/go.mod h1:3eOhrUMpNV+6aFIbp5/iudMxNCF27Vw2OZgy4xEx0Fg=
github.com/go-ole/go-ole v1.2.5 h1:t4MGB5xEDZvXI+0rMjjsfBsD7yAgp/s9ZDkL1JndXwY=
github.com/go-ole/go-ole v1.2.5/go.mod h1:pprOEPIfldk/42T2oK7lQ4v4JSDwmV0As9GaiUsvbm0=
github.com/lxn/win v0.0.0-20201111105847-2a20daff6a55/go.mod h1:KxxjdtRkfNoYDCUP5ryK7XJJNTnpC8atvtmTheChOtk=
github.com/sciter-sdk/go-sciter v0.5.0 h1:A0gESvTFZR/yMFkWnQ4tFVUdsSchuShNGr25QodE8gQ=
github.com/sciter-sdk/go-sciter v0.5.0/go.mod h1:myhbEunWE4R+6J7GxJsr4SU4q0OIMOEbWFJ2qYzIdPc=
github.com/soniakeys/meeus/v3 v3.0.1/go.mod h1:G1tkqa+QcOyErSe7WqN0OnzVeLrvq9bQBoNb1IG+3n8=
github.com/soniakeys/sexagesimal v1.0.0/go.mod h1:/7psACvkUx/IZ1XX3HDdBci1Lz1ZObcjLX2MVVKI3rM=
github.com/soniakeys/unit v1.0.0/go.mod h1:z93o2tO/hJA2+Wr1Fozkt3jK4LyDwTfRCjyRFLAa4zk=
golang.org/x/sys v0.0.0-20190916202348-b4ddaad3f8a3/go.mod h1:h1NjWce9XRLGQEsW7wpKNCjG9DtNlClVuFLEZdDNbEs=
golang.org/x/sys v0.0.0-20201018230417-eeed37f84f13/go.mod h1:h1NjWce9XRLGQEsW7wpKNCjG9DtNlClVuFLEZdDNbEs=
golang.org/x/sys v0.0.0-20201223074533-0d417f636930/go.mod h1:h1NjWce9XRLGQEsW7wpKNCjG9DtNlClVuFLEZdDNbEs=
golang.org/x/sys v0.0.0-20210113181707-4bcb84eeeb78 h1:nVuTkr9L6Bq62qpUqKo/RnZCFfzDBL0bYo6w9OJUqZY=
golang.org/x/sys v0.0.0-20210113181707-4bcb84eeeb78/go.mod h1:h1NjWce9XRLGQEsW7wpKNCjG9DtNlClVuFLEZdDNbEs=
